name: Publish block to balenaHub

on:
  push:
    tags:
      - 'v*'

permissions:
  contents: read

jobs:
  publish:
    runs-on: ubuntu-24.04
    steps:
      - uses: actions/checkout@9c091bb21b7c1c1d1991bb908d89e4e9dddfe3e0 # v7.0.0

      - name: Push release to balena block
        id: deploy
        uses: balena-io/deploy-to-balena-action@3653c472f0bb6a9885110328b28c3a80470b3b63 # v2.3.1
        with:
          balena_token: ${{ secrets.BALENA_API_KEY }}
          fleet: marcus7/autohupr

      # The balenaHub "Release notes" panel renders the release `note` field.
      # The official asset action below cannot set that, so a tiny SDK step does.
      - uses: actions/setup-node@48b55a011bda9f5d6aeb4c2d9c7362e8dae4041e # v6
        with:
          node-version-file: package.json
          cache: npm
      - run: npm ci
      - name: Set balenaHub release notes
        run: node scripts/set-release-note.mjs
        env:
          BALENA_API_KEY: ${{ secrets.BALENA_API_KEY }}
          RELEASE_ID: ${{ steps.deploy.outputs.release_id }}

      - name: Upload CHANGELOG.md as a release asset
        uses: balena-io/upload-balena-release-asset@52cceb8fc25e0bfdb433b92567a434d1a5baecda # v0.1.6
        with:
          balena-token: ${{ secrets.BALENA_API_KEY }}
          release-id: ${{ steps.deploy.outputs.release_id }}
          path: CHANGELOG.md
          overwrite: 'true'
